
Microsoft Visual Studio Solution File, Format Version 12.00
# Visual Studio Version 17
VisualStudioVersion = 17.7.34018.315
MinimumVisualStudioVersion = 10.0.40219.1
Project("{9A19103F-16F7-4668-BE54-9A1E7A4F7556}") = "WebApi", "WebApi\WebApi.csproj", "{86AC5E73-8571-4DBA-B4C7-687F092133B6}"
EndProject
Project("{9A19103F-16F7-4668-BE54-9A1E7A4F7556}") = "Application", "Application\Application.csproj", "{E800AC2A-F7C7-4E82-944F-53A0E0F419AA}"
EndProject
Project("{9A19103F-16F7-4668-BE54-9A1E7A4F7556}") = "Domain", "Domain\Domain.csproj", "{B4D854AB-AF3E-4117-AFF7-021F7ED7DC79}"
EndProject
Project("{9A19103F-16F7-4668-BE54-9A1E7A4F7556}") = "Infrastructure", "Infrastructure\Infrastructure.csproj", "{7F24BD03-5FEB-48DD-8946-94242E774F0F}"
EndProject
Project("{FAE04EC0-301F-11D3-BF4B-00C04F79EFBC}") = "DomainTest", "DomainTest\DomainTest.csproj", "{49A18DE9-461D-4EB1-9F5B-5BF20ED34CFF}"
EndProject
Global
	GlobalSection(SolutionConfigurationPlatforms) = preSolution
		Debug|Any CPU = Debug|Any CPU
		Release|Any CPU = Release|Any CPU
	EndGlobalSection
	GlobalSection(ProjectConfigurationPlatforms) = postSolution
		{86AC5E73-8571-4DBA-B4C7-687F092133B6}.Debug|Any CPU.ActiveCfg = Debug|Any CPU
		{86AC5E73-8571-4DBA-B4C7-687F092133B6}.Debug|Any CPU.Build.0 = Debug|Any CPU
		{86AC5E73-8571-4DBA-B4C7-687F092133B6}.Release|Any CPU.ActiveCfg = Release|Any CPU
		{86AC5E73-8571-4DBA-B4C7-687F092133B6}.Release|Any CPU.Build.0 = Release|Any CPU
		{E800AC2A-F7C7-4E82-944F-53A0E0F419AA}.Debug|Any CPU.ActiveCfg = Debug|Any CPU
		{E800AC2A-F7C7-4E82-944F-53A0E0F419AA}.Debug|Any CPU.Build.0 = Debug|Any CPU
		{E800AC2A-F7C7-4E82-944F-53A0E0F419AA}.Release|Any CPU.ActiveCfg = Release|Any CPU
		{E800AC2A-F7C7-4E82-944F-53A0E0F419AA}.Release|Any CPU.Build.0 = Release|Any CPU
		{B4D854AB-AF3E-4117-AFF7-021F7ED7DC79}.Debug|Any CPU.ActiveCfg = Debug|Any CPU
		{B4D854AB-AF3E-4117-AFF7-021F7ED7DC79}.Debug|Any CPU.Build.0 = Debug|Any CPU
		{B4D854AB-AF3E-4117-AFF7-021F7ED7DC79}.Release|Any CPU.ActiveCfg = Release|Any CPU
		{B4D854AB-AF3E-4117-AFF7-021F7ED7DC79}.Release|Any CPU.Build.0 = Release|Any CPU
		{7F24BD03-5FEB-48DD-8946-94242E774F0F}.Debug|Any CPU.ActiveCfg = Debug|Any CPU
		{7F24BD03-5FEB-48DD-8946-94242E774F0F}.Debug|Any CPU.Build.0 = Debug|Any CPU
		{7F24BD03-5FEB-48DD-8946-94242E774F0F}.Release|Any CPU.ActiveCfg = Release|Any CPU
		{7F24BD03-5FEB-48DD-8946-94242E774F0F}.Release|Any CPU.Build.0 = Release|Any CPU
		{49A18DE9-461D-4EB1-9F5B-5BF20ED34CFF}.Debug|Any CPU.ActiveCfg = Debug|Any CPU
		{49A18DE9-461D-4EB1-9F5B-5BF20ED34CFF}.Debug|Any CPU.Build.0 = Debug|Any CPU
		{49A18DE9-461D-4EB1-9F5B-5BF20ED34CFF}.Release|Any CPU.ActiveCfg = Release|Any CPU
		{49A18DE9-461D-4EB1-9F5B-5BF20ED34CFF}.Release|Any CPU.Build.0 = Release|Any CPU
	EndGlobalSection
	GlobalSection(SolutionProperties) = preSolution
		HideSolutionNode = FALSE
	EndGlobalSection
	GlobalSection(ExtensibilityGlobals) = postSolution
		SolutionGuid = {72501176-724E-431B-92A3-F870B6DB8F30}
	EndGlobalSection
EndGlobal
